
Microsoft Visual Studio Solution File, Format Version 12.00
# Visual Studio Version 17
VisualStudioVersion = 17.0.32112.339
MinimumVisualStudioVersion = 10.0.40219.1
Project("{FAE04EC0-301F-11D3-BF4B-00C04F79EFBC}") = "DevFramework.Core", "DevFramework.Core\DevFramework.Core.csproj", "{7537F3C5-C636-4485-9FF3-E0222A2B5BAA}"
EndProject
Project("{FAE04EC0-301F-11D3-BF4B-00C04F79EFBC}") = "DevFramework.Entities", "DevFramework.Entities\DevFramework.Entities.csproj", "{596157ED-2089-457A-8FD6-E35171571B2C}"
EndProject
Project("{FAE04EC0-301F-11D3-BF4B-00C04F79EFBC}") = "DevFramework.DataAccess", "DevFramework.DataAccess\DevFramework.DataAccess.csproj", "{1960BCAD-7F12-4CDA-8BB8-206B35BC871C}"
EndProject
Project("{FAE04EC0-301F-11D3-BF4B-00C04F79EFBC}") = "DevFramework.Business", "DevFramework.Business\DevFramework.Business.csproj", "{E23B6109-D84E-4EC2-9640-C1F7D86CAE99}"
EndProject
Project("{FAE04EC0-301F-11D3-BF4B-00C04F79EFBC}") = "DevFramework.MvcWebUI", "DevFramework.MvcWebUI\DevFramework.MvcWebUI.csproj", "{CE7B87A2-10F9-4B45-8D3B-D0D9BC52893E}"
EndProject
Project("{FAE04EC0-301F-11D3-BF4B-00C04F79EFBC}") = "DevFramework.WebAPI", "DevFramework.WebAPI\DevFramework.WebAPI.csproj", "{3CECB981-923A-4743-A170-9978F0B43C8C}"
EndProject
Global
	GlobalSection(SolutionConfigurationPlatforms) = preSolution
		Debug|Any CPU = Debug|Any CPU
		Release|Any CPU = Release|Any CPU
	EndGlobalSection
	GlobalSection(ProjectConfigurationPlatforms) = postSolution
		{7537F3C5-C636-4485-9FF3-E0222A2B5BAA}.Debug|Any CPU.ActiveCfg = Debug|Any CPU
		{7537F3C5-C636-4485-9FF3-E0222A2B5BAA}.Debug|Any CPU.Build.0 = Debug|Any CPU
		{7537F3C5-C636-4485-9FF3-E0222A2B5BAA}.Release|Any CPU.ActiveCfg = Release|Any CPU
		{7537F3C5-C636-4485-9FF3-E0222A2B5BAA}.Release|Any CPU.Build.0 = Release|Any CPU
		{596157ED-2089-457A-8FD6-E35171571B2C}.Debug|Any CPU.ActiveCfg = Debug|Any CPU
		{596157ED-2089-457A-8FD6-E35171571B2C}.Debug|Any CPU.Build.0 = Debug|Any CPU
		{596157ED-2089-457A-8FD6-E35171571B2C}.Release|Any CPU.ActiveCfg = Release|Any CPU
		{596157ED-2089-457A-8FD6-E35171571B2C}.Release|Any CPU.Build.0 = Release|Any CPU
		{1960BCAD-7F12-4CDA-8BB8-206B35BC871C}.Debug|Any CPU.ActiveCfg = Debug|Any CPU
		{1960BCAD-7F12-4CDA-8BB8-206B35BC871C}.Debug|Any CPU.Build.0 = Debug|Any CPU
		{1960BCAD-7F12-4CDA-8BB8-206B35BC871C}.Release|Any CPU.ActiveCfg = Release|Any CPU
		{1960BCAD-7F12-4CDA-8BB8-206B35BC871C}.Release|Any CPU.Build.0 = Release|Any CPU
		{E23B6109-D84E-4EC2-9640-C1F7D86CAE99}.Debug|Any CPU.ActiveCfg = Debug|Any CPU
		{E23B6109-D84E-4EC2-9640-C1F7D86CAE99}.Debug|Any CPU.Build.0 = Debug|Any CPU
		{E23B6109-D84E-4EC2-9640-C1F7D86CAE99}.Release|Any CPU.ActiveCfg = Release|Any CPU
		{E23B6109-D84E-4EC2-9640-C1F7D86CAE99}.Release|Any CPU.Build.0 = Release|Any CPU
		{CE7B87A2-10F9-4B45-8D3B-D0D9BC52893E}.Debug|Any CPU.ActiveCfg = Debug|Any CPU
		{CE7B87A2-10F9-4B45-8D3B-D0D9BC52893E}.Debug|Any CPU.Build.0 = Debug|Any CPU
		{CE7B87A2-10F9-4B45-8D3B-D0D9BC52893E}.Release|Any CPU.ActiveCfg = Release|Any CPU
		{CE7B87A2-10F9-4B45-8D3B-D0D9BC52893E}.Release|Any CPU.Build.0 = Release|Any CPU
		{3CECB981-923A-4743-A170-9978F0B43C8C}.Debug|Any CPU.ActiveCfg = Debug|Any CPU
		{3CECB981-923A-4743-A170-9978F0B43C8C}.Debug|Any CPU.Build.0 = Debug|Any CPU
		{3CECB981-923A-4743-A170-9978F0B43C8C}.Release|Any CPU.ActiveCfg = Release|Any CPU
		{3CECB981-923A-4743-A170-9978F0B43C8C}.Release|Any CPU.Build.0 = Release|Any CPU
	EndGlobalSection
	GlobalSection(SolutionProperties) = preSolution
		HideSolutionNode = FALSE
	EndGlobalSection
	GlobalSection(ExtensibilityGlobals) = postSolution
		SolutionGuid = {E2064B45-9D41-42FA-AF64-B56852A6F5A2}
	EndGlobalSection
EndGlobal
